
Microsoft Visual Studio Solution File, Format Version 12.00
# Visual Studio Version 17
VisualStudioVersion = 17.13.35806.99 d17.13
MinimumVisualStudioVersion = 10.0.40219.1
Project("{FAE04EC0-301F-11D3-BF4B-00C04F79EFBC}") = "Menu", "WebApplication1\Menu.csproj", "{C243B7C6-132E-4665-9370-797798080697}"
EndProject
Global
	GlobalSection(SolutionConfigurationPlatforms) = preSolution
		Debug|Any CPU = Debug|Any CPU
		Release|Any CPU = Release|Any CPU
	EndGlobalSection
	GlobalSection(ProjectConfigurationPlatforms) = postSolution
		{C243B7C6-132E-4665-9370-797798080697}.Debug|Any CPU.ActiveCfg = Debug|Any CPU
		{C243B7C6-132E-4665-9370-797798080697}.Debug|Any CPU.Build.0 = Debug|Any CPU
		{C243B7C6-132E-4665-9370-797798080697}.Release|Any CPU.ActiveCfg = Release|Any CPU
		{C243B7C6-132E-4665-9370-797798080697}.Release|Any CPU.Build.0 = Release|Any CPU
	EndGlobalSection
	GlobalSection(SolutionProperties) = preSolution
		HideSolutionNode = FALSE
	EndGlobalSection
	GlobalSection(ExtensibilityGlobals) = postSolution
		SolutionGuid = {58DD507E-A552-4151-AE81-FCE2AC2A528A}
	EndGlobalSection
EndGlobal
